// !$*UTF8*$!
{
	archiveVersion = 1;
	classes = {
	};
	objectVersion = 48;
	objects = {

/* Begin PBXBuildFile section */
		649457DF0BC6EAFB453B616B /* Pods_IcoCenter.framework in Frameworks */ = {isa = PBXBuildFile; fileRef = B4E99367AABA11D9EE0CC06C /* Pods_IcoCenter.framework */; };
		99077801209C63EE007FE152 /* GlobalDefine.swift in Sources */ = {isa = PBXBuildFile; fileRef = 99077800209C63EE007FE152 /* GlobalDefine.swift */; };
		CB06B722209B520500739571 /* AppDelegate.swift in Sources */ = {isa = PBXBuildFile; fileRef = CB06B721209B520500739571 /* AppDelegate.swift */; };
		CB06B724209B520500739571 /* ViewController.swift in Sources */ = {isa = PBXBuildFile; fileRef = CB06B723209B520500739571 /* ViewController.swift */; };
		CB06B727209B520500739571 /* Main.storyboard in Resources */ = {isa = PBXBuildFile; fileRef = CB06B725209B520500739571 /* Main.storyboard */; };
		CB06B729209B520500739571 /* Assets.xcassets in Resources */ = {isa = PBXBuildFile; fileRef = CB06B728209B520500739571 /* Assets.xcassets */; };
		CB06B72C209B520500739571 /* LaunchScreen.storyboard in Resources */ = {isa = PBXBuildFile; fileRef = CB06B72A209B520500739571 /* LaunchScreen.storyboard */; };
		CBA8867C209B5930006273F0 /* HistoryCell.swift in Sources */ = {isa = PBXBuildFile; fileRef = CBA8867B209B5930006273F0 /* HistoryCell.swift */; };
		CBA8867F209CC82B006273F0 /* CurrentInfoCell.swift in Sources */ = {isa = PBXBuildFile; fileRef = CBA8867E209CC82B006273F0 /* CurrentInfoCell.swift */; };
/* End PBXBuildFile section */

/* Begin PBXFileReference section */
		72C6C9FD39ECA86ED8047D4C /* Pods-IcoCenter.release.xcconfig */ = {isa = PBXFileReference; includeInIndex = 1; lastKnownFileType = text.xcconfig; name = "Pods-IcoCenter.release.xcconfig"; path = "Pods/Target Support Files/Pods-IcoCenter/Pods-IcoCenter.release.xcconfig"; sourceTree = "<group>"; };
		99077800209C63EE007FE152 /* GlobalDefine.swift */ = {isa = PBXFileReference; lastKnownFileType = sourcecode.swift; path = GlobalDefine.swift; sourceTree = "<group>"; };
		B4E99367AABA11D9EE0CC06C /* Pods_IcoCenter.framework */ = {isa = PBXFileReference; explicitFileType = wrapper.framework; includeInIndex = 0; path = Pods_IcoCenter.framework; sourceTree = BUILT_PRODUCTS_DIR; };
		CB06B71E209B520500739571 /* IcoCenter.app */ = {isa = PBXFileReference; explicitFileType = wrapper.application; includeInIndex = 0; path = IcoCenter.app; sourceTree = BUILT_PRODUCTS_DIR; };
		CB06B721209B520500739571 /* AppDelegate.swift */ = {isa = PBXFileReference; lastKnownFileType = sourcecode.swift; path = AppDelegate.swift; sourceTree = "<group>"; };
		CB06B723209B520500739571 /* ViewController.swift */ = {isa = PBXFileReference; lastKnownFileType = sourcecode.swift; path = ViewController.swift; sourceTree = "<group>"; };
		CB06B726209B520500739571 /* Base */ = {isa = PBXFileReference; lastKnownFileType = file.storyboard; name = Base; path = Base.lproj/Main.storyboard; sourceTree = "<group>"; };
		CB06B728209B520500739571 /* Assets.xcassets */ = {isa = PBXFileReference; lastKnownFileType = folder.assetcatalog; path = Assets.xcassets; sourceTree = "<group>"; };
		CB06B72B209B520500739571 /* Base */ = {isa = PBXFileReference; lastKnownFileType = file.storyboard; name = Base; path = Base.lproj/LaunchScreen.storyboard; sourceTree = "<group>"; };
		CB06B72D209B520500739571 /* Info.plist */ = {isa = PBXFileReference; lastKnownFileType = text.plist.xml; path = Info.plist; sourceTree = "<group>"; };
		CBA8867B209B5930006273F0 /* HistoryCell.swift */ = {isa = PBXFileReference; lastKnownFileType = sourcecode.swift; path = HistoryCell.swift; sourceTree = "<group>"; };
		CBA8867E209CC82B006273F0 /* CurrentInfoCell.swift */ = {isa = PBXFileReference; lastKnownFileType = sourcecode.swift; path = CurrentInfoCell.swift; sourceTree = "<group>"; };
		CEEC3A19379DA3593238ED3E /* Pods-IcoCenter.debug.xcconfig */ = {isa = PBXFileReference; includeInIndex = 1; lastKnownFileType = text.xcconfig; name = "Pods-IcoCenter.debug.xcconfig"; path = "Pods/Target Support Files/Pods-IcoCenter/Pods-IcoCenter.debug.xcconfig"; sourceTree = "<group>"; };
/* End PBXFileReference section */

/* Begin PBXFrameworksBuildPhase section */
		CB06B71B209B520500739571 /* Frameworks */ = {
			isa = PBXFrameworksBuildPhase;
			buildActionMask = 2147483647;
			files = (
				649457DF0BC6EAFB453B616B /* Pods_IcoCenter.framework in Frameworks */,
			);
			runOnlyForDeploymentPostprocessing = 0;
		};
/* End PBXFrameworksBuildPhase section */

/* Begin PBXGroup section */
		27C824A303F1C11073E5837B /* Frameworks */ = {
			isa = PBXGroup;
			children = (
				B4E99367AABA11D9EE0CC06C /* Pods_IcoCenter.framework */,
			);
			name = Frameworks;
			sourceTree = "<group>";
		};
		7C053290FCF1601285D56A05 /* Pods */ = {
			isa = PBXGroup;
			children = (
				CEEC3A19379DA3593238ED3E /* Pods-IcoCenter.debug.xcconfig */,
				72C6C9FD39ECA86ED8047D4C /* Pods-IcoCenter.release.xcconfig */,
			);
			name = Pods;
			sourceTree = "<group>";
		};
		990777FF209C63DD007FE152 /* define */ = {
			isa = PBXGroup;
			children = (
				99077800209C63EE007FE152 /* GlobalDefine.swift */,
			);
			path = define;
			sourceTree = "<group>";
		};
		CB06B715209B520500739571 = {
			isa = PBXGroup;
			children = (
				CB06B720209B520500739571 /* IcoCenter */,
				CB06B71F209B520500739571 /* Products */,
				7C053290FCF1601285D56A05 /* Pods */,
				27C824A303F1C11073E5837B /* Frameworks */,
			);
			sourceTree = "<group>";
		};
		CB06B71F209B520500739571 /* Products */ = {
			isa = PBXGroup;
			children = (
				CB06B71E209B520500739571 /* IcoCenter.app */,
			);
			name = Products;
			sourceTree = "<group>";
		};
		CB06B720209B520500739571 /* IcoCenter */ = {
			isa = PBXGroup;
			children = (
				CBA8867D209CC805006273F0 /* cells */,
				990777FF209C63DD007FE152 /* define */,
				CB06B721209B520500739571 /* AppDelegate.swift */,
				CB06B723209B520500739571 /* ViewController.swift */,
				CB06B725209B520500739571 /* Main.storyboard */,
				CB06B728209B520500739571 /* Assets.xcassets */,
				CB06B72A209B520500739571 /* LaunchScreen.storyboard */,
				CB06B72D209B520500739571 /* Info.plist */,
			);
			path = IcoCenter;
			sourceTree = "<group>";
		};
		CBA8867D209CC805006273F0 /* cells */ = {
			isa = PBXGroup;
			children = (
				CBA8867B209B5930006273F0 /* HistoryCell.swift */,
				CBA8867E209CC82B006273F0 /* CurrentInfoCell.swift */,
			);
			path = cells;
			sourceTree = "<group>";
		};
/* End PBXGroup section */

/* Begin PBXNativeTarget section */
		CB06B71D209B520500739571 /* IcoCenter */ = {
			isa = PBXNativeTarget;
			buildConfigurationList = CB06B730209B520500739571 /* Build configuration list for PBXNativeTarget "IcoCenter" */;
			buildPhases = (
				BCA2A41532D03CC31B637D7B /* [CP] Check Pods Manifest.lock */,
				CB06B71A209B520500739571 /* Sources */,
				CB06B71B209B520500739571 /* Frameworks */,
				CB06B71C209B520500739571 /* Resources */,
				8B3C5D5B54E6B18D83D5AC85 /* [CP] Embed Pods Frameworks */,
			);
			buildRules = (
			);
			dependencies = (
			);
			name = IcoCenter;
			productName = IcoCenter;
			productReference = CB06B71E209B520500739571 /* IcoCenter.app */;
			productType = "com.apple.product-type.application";
		};
/* End PBXNativeTarget section */

/* Begin PBXProject section */
		CB06B716209B520500739571 /* Project object */ = {
			isa = PBXProject;
			attributes = {
				LastSwiftUpdateCheck = 0920;
				LastUpgradeCheck = 0920;
				ORGANIZATIONNAME = "Gash AD";
				TargetAttributes = {
					CB06B71D209B520500739571 = {
						CreatedOnToolsVersion = 9.2;
						ProvisioningStyle = Automatic;
					};
				};
			};
			buildConfigurationList = CB06B719209B520500739571 /* Build configuration list for PBXProject "IcoCenter" */;
			compatibilityVersion = "Xcode 8.0";
			developmentRegion = en;
			hasScannedForEncodings = 0;
			knownRegions = (
				en,
				Base,
			);
			mainGroup = CB06B715209B520500739571;
			productRefGroup = CB06B71F209B520500739571 /* Products */;
			projectDirPath = "";
			projectRoot = "";
			targets = (
				CB06B71D209B520500739571 /* IcoCenter */,
			);
		};
/* End PBXProject section */

/* Begin PBXResourcesBuildPhase section */
		CB06B71C209B520500739571 /* Resources */ = {
			isa = PBXResourcesBuildPhase;
			buildActionMask = 2147483647;
			files = (
				CB06B72C209B520500739571 /* LaunchScreen.storyboard in Resources */,
				CB06B729209B520500739571 /* Assets.xcassets in Resources */,
				CB06B727209B520500739571 /* Main.storyboard in Resources */,
			);
			runOnlyForDeploymentPostprocessing = 0;
		};
/* End PBXResourcesBuildPhase section */

/* Begin PBXShellScriptBuildPhase section */
		8B3C5D5B54E6B18D83D5AC85 /* [CP] Embed Pods Frameworks */ = {
			isa = PBXShellScriptBuildPhase;
			buildActionMask = 2147483647;
			files = (
			);
			inputPaths = (
				"${SRCROOT}/Pods/Target Support Files/Pods-IcoCenter/Pods-IcoCenter-frameworks.sh",
				"${BUILT_PRODUCTS_DIR}/DynamicColor/DynamicColor.framework",
				"${BUILT_PRODUCTS_DIR}/SnapKit/SnapKit.framework",
			);
			name = "[CP] Embed Pods Frameworks";
			outputPaths = (
				"${TARGET_BUILD_DIR}/${FRAMEWORKS_FOLDER_PATH}/DynamicColor.framework",
				"${TARGET_BUILD_DIR}/${FRAMEWORKS_FOLDER_PATH}/SnapKit.framework",
			);
			runOnlyForDeploymentPostprocessing = 0;
			shellPath = /bin/sh;
			shellScript = "\"${SRCROOT}/Pods/Target Support Files/Pods-IcoCenter/Pods-IcoCenter-frameworks.sh\"\n";
			showEnvVarsInLog = 0;
		};
		BCA2A41532D03CC31B637D7B /* [CP] Check Pods Manifest.lock */ = {
			isa = PBXShellScriptBuildPhase;
			buildActionMask = 2147483647;
			files = (
			);
			inputPaths = (
				"${PODS_PODFILE_DIR_PATH}/Podfile.lock",
				"${PODS_ROOT}/Manifest.lock",
			);
			name = "[CP] Check Pods Manifest.lock";
			outputPaths = (
				"$(DERIVED_FILE_DIR)/Pods-IcoCenter-checkManifestLockResult.txt",
			);
			runOnlyForDeploymentPostprocessing = 0;
			shellPath = /bin/sh;
			shellScript = "diff \"${PODS_PODFILE_DIR_PATH}/Podfile.lock\" \"${PODS_ROOT}/Manifest.lock\" > /dev/null\nif [ $? != 0 ] ; then\n    # print error to STDERR\n    echo \"error: The sandbox is not in sync with the Podfile.lock. Run 'pod install' or update your CocoaPods installation.\" >&2\n    exit 1\nfi\n# This output is used by Xcode 'outputs' to avoid re-running this script phase.\necho \"SUCCESS\" > \"${SCRIPT_OUTPUT_FILE_0}\"\n";
			showEnvVarsInLog = 0;
		};
/* End PBXShellScriptBuildPhase section */

/* Begin PBXSourcesBuildPhase section */
		CB06B71A209B520500739571 /* Sources */ = {
			isa = PBXSourcesBuildPhase;
			buildActionMask = 2147483647;
			files = (
				CBA8867C209B5930006273F0 /* HistoryCell.swift in Sources */,
				CBA8867F209CC82B006273F0 /* CurrentInfoCell.swift in Sources */,
				99077801209C63EE007FE152 /* GlobalDefine.swift in Sources */,
				CB06B724209B520500739571 /* ViewController.swift in Sources */,
				CB06B722209B520500739571 /* AppDelegate.swift in Sources */,
			);
			runOnlyForDeploymentPostprocessing = 0;
		};
/* End PBXSourcesBuildPhase section */

/* Begin PBXVariantGroup section */
		CB06B725209B520500739571 /* Main.storyboard */ = {
			isa = PBXVariantGroup;
			children = (
				CB06B726209B520500739571 /* Base */,
			);
			name = Main.storyboard;
			sourceTree = "<group>";
		};
		CB06B72A209B520500739571 /* LaunchScreen.storyboard */ = {
			isa = PBXVariantGroup;
			children = (
				CB06B72B209B520500739571 /* Base */,
			);
			name = LaunchScreen.storyboard;
			sourceTree = "<group>";
		};
/* End PBXVariantGroup section */

/* Begin XCBuildConfiguration section */
		CB06B72E209B520500739571 /* Debug */ = {
			isa = XCBuildConfiguration;
			buildSettings = {
				ALWAYS_SEARCH_USER_PATHS = NO;
				CLANG_ANALYZER_NONNULL = YES;
				CLANG_ANALYZER_NUMBER_OBJECT_CONVERSION = YES_AGGRESSIVE;
				CLANG_CXX_LANGUAGE_STANDARD = "gnu++14";
				CLANG_CXX_LIBRARY = "libc++";
				CLANG_ENABLE_MODULES = YES;
				CLANG_ENABLE_OBJC_ARC = YES;
				CLANG_WARN_BLOCK_CAPTURE_AUTORELEASING = YES;
				CLANG_WARN_BOOL_CONVERSION = YES;
				CLANG_WARN_COMMA = YES;
				CLANG_WARN_CONSTANT_CONVERSION = YES;
				CLANG_WARN_DIRECT_OBJC_ISA_USAGE = YES_ERROR;
				CLANG_WARN_DOCUMENTATION_COMMENTS = YES;
				CLANG_WARN_EMPTY_BODY = YES;
				CLANG_WARN_ENUM_CONVERSION = YES;
				CLANG_WARN_INFINITE_RECURSION = YES;
				CLANG_WARN_INT_CONVERSION = YES;
				CLANG_WARN_NON_LITERAL_NULL_CONVERSION = YES;
				CLANG_WARN_OBJC_LITERAL_CONVERSION = YES;
				CLANG_WARN_OBJC_ROOT_CLASS = YES_ERROR;
				CLANG_WARN_RANGE_LOOP_ANALYSIS = YES;
				CLANG_WARN_STRICT_PROTOTYPES = YES;
				CLANG_WARN_SUSPICIOUS_MOVE = YES;
				CLANG_WARN_UNGUARDED_AVAILABILITY = YES_AGGRESSIVE;
				CLANG_WARN_UNREACHABLE_CODE = YES;
				CLANG_WARN__DUPLICATE_METHOD_MATCH = YES;
				CODE_SIGN_IDENTITY = "iPhone Developer";
				COPY_PHASE_STRIP = NO;
				DEBUG_INFORMATION_FORMAT = dwarf;
				ENABLE_STRICT_OBJC_MSGSEND = YES;
				ENABLE_TESTABILITY = YES;
				GCC_C_LANGUAGE_STANDARD = gnu11;
				GCC_DYNAMIC_NO_PIC = NO;
				GCC_NO_COMMON_BLOCKS = YES;
				GCC_OPTIMIZATION_LEVEL = 0;
				GCC_PREPROCESSOR_DEFINITIONS = (
					"DEBUG=1",
					"$(inherited)",
				);
				GCC_WARN_64_TO_32_BIT_CONVERSION = YES;
				GCC_WARN_ABOUT_RETURN_TYPE = YES_ERROR;
				GCC_WARN_UNDECLARED_SELECTOR = YES;
				GCC_WARN_UNINITIALIZED_AUTOS = YES_AGGRESSIVE;
				GCC_WARN_UNUSED_FUNCTION = YES;
				GCC_WARN_UNUSED_VARIABLE = YES;
				IPHONEOS_DEPLOYMENT_TARGET = 11.2;
				MTL_ENABLE_DEBUG_INFO = YES;
				ONLY_ACTIVE_ARCH = YES;
				SDKROOT = iphoneos;
				SWIFT_ACTIVE_COMPILATION_CONDITIONS = DEBUG;
				SWIFT_OPTIMIZATION_LEVEL = "-Onone";
			};
			name = Debug;
		};
		CB06B72F209B520500739571 /* Release */ = {
			isa = XCBuildConfiguration;
			buildSettings = {
				ALWAYS_SEARCH_USER_PATHS = NO;
				CLANG_ANALYZER_NONNULL = YES;
				CLANG_ANALYZER_NUMBER_OBJECT_CONVERSION = YES_AGGRESSIVE;
				CLANG_CXX_LANGUAGE_STANDARD = "gnu++14";
				CLANG_CXX_LIBRARY = "libc++";
				CLANG_ENABLE_MODULES = YES;
				CLANG_ENABLE_OBJC_ARC = YES;
				CLANG_WARN_BLOCK_CAPTURE_AUTORELEASING = YES;
				CLANG_WARN_BOOL_CONVERSION = YES;
				CLANG_WARN_COMMA = YES;
				CLANG_WARN_CONSTANT_CONVERSION = YES;
				CLANG_WARN_DIRECT_OBJC_ISA_USAGE = YES_ERROR;
				CLANG_WARN_DOCUMENTATION_COMMENTS = YES;
				CLANG_WARN_EMPTY_BODY = YES;
				CLANG_WARN_ENUM_CONVERSION = YES;
				CLANG_WARN_INFINITE_RECURSION = YES;
				CLANG_WARN_INT_CONVERSION = YES;
				CLANG_WARN_NON_LITERAL_NULL_CONVERSION = YES;
				CLANG_WARN_OBJC_LITERAL_CONVERSION = YES;
				CLANG_WARN_OBJC_ROOT_CLASS = YES_ERROR;
				CLANG_WARN_RANGE_LOOP_ANALYSIS = YES;
				CLANG_WARN_STRICT_PROTOTYPES = YES;
				CLANG_WARN_SUSPICIOUS_MOVE = YES;
				CLANG_WARN_UNGUARDED_AVAILABILITY = YES_AGGRESSIVE;
				CLANG_WARN_UNREACHABLE_CODE = YES;
				CLANG_WARN__DUPLICATE_METHOD_MATCH = YES;
				CODE_SIGN_IDENTITY = "iPhone Developer";
				COPY_PHASE_STRIP = NO;
				DEBUG_INFORMATION_FORMAT = "dwarf-with-dsym";
				ENABLE_NS_ASSERTIONS = NO;
				ENABLE_STRICT_OBJC_MSGSEND = YES;
				GCC_C_LANGUAGE_STANDARD = gnu11;
				GCC_NO_COMMON_BLOCKS = YES;
				GCC_WARN_64_TO_32_BIT_CONVERSION = YES;
				GCC_WARN_ABOUT_RETURN_TYPE = YES_ERROR;
				GCC_WARN_UNDECLARED_SELECTOR = YES;
				GCC_WARN_UNINITIALIZED_AUTOS = YES_AGGRESSIVE;
				GCC_WARN_UNUSED_FUNCTION = YES;
				GCC_WARN_UNUSED_VARIABLE = YES;
				IPHONEOS_DEPLOYMENT_TARGET = 11.2;
				MTL_ENABLE_DEBUG_INFO = NO;
				SDKROOT = iphoneos;
				SWIFT_OPTIMIZATION_LEVEL = "-Owholemodule";
				VALIDATE_PRODUCT = YES;
			};
			name = Release;
		};
		CB06B731209B520500739571 /* Debug */ = {
			isa = XCBuildConfiguration;
			baseConfigurationReference = CEEC3A19379DA3593238ED3E /* Pods-IcoCenter.debug.xcconfig */;
			buildSettings = {
				ASSETCATALOG_COMPILER_APPICON_NAME = AppIcon;
				CODE_SIGN_STYLE = Automatic;
				INFOPLIST_FILE = IcoCenter/Info.plist;
				LD_RUNPATH_SEARCH_PATHS = "$(inherited) @executable_path/Frameworks";
				PRODUCT_BUNDLE_IDENTIFIER = com.companyname.IcoCenter;
				PRODUCT_NAME = "$(TARGET_NAME)";
				SWIFT_VERSION = 4.0;
				TARGETED_DEVICE_FAMILY = "1,2";
			};
			name = Debug;
		};
		CB06B732209B520500739571 /* Release */ = {
			isa = XCBuildConfiguration;
			baseConfigurationReference = 72C6C9FD39ECA86ED8047D4C /* Pods-IcoCenter.release.xcconfig */;
			buildSettings = {
				ASSETCATALOG_COMPILER_APPICON_NAME = AppIcon;
				CODE_SIGN_STYLE = Automatic;
				INFOPLIST_FILE = IcoCenter/Info.plist;
				LD_RUNPATH_SEARCH_PATHS = "$(inherited) @executable_path/Frameworks";
				PRODUCT_BUNDLE_IDENTIFIER = com.companyname.IcoCenter;
				PRODUCT_NAME = "$(TARGET_NAME)";
				SWIFT_VERSION = 4.0;
				TARGETED_DEVICE_FAMILY = "1,2";
			};
			name = Release;
		};
/* End XCBuildConfiguration section */

/* Begin XCConfigurationList section */
		CB06B719209B520500739571 /* Build configuration list for PBXProject "IcoCenter" */ = {
			isa = XCConfigurationList;
			buildConfigurations = (
				CB06B72E209B520500739571 /* Debug */,
				CB06B72F209B520500739571 /* Release */,
			);
			defaultConfigurationIsVisible = 0;
			defaultConfigurationName = Release;
		};
		CB06B730209B520500739571 /* Build configuration list for PBXNativeTarget "IcoCenter" */ = {
			isa = XCConfigurationList;
			buildConfigurations = (
				CB06B731209B520500739571 /* Debug */,
				CB06B732209B520500739571 /* Release */,
			);
			defaultConfigurationIsVisible = 0;
			defaultConfigurationName = Release;
		};
/* End XCConfigurationList section */
	};
	rootObject = CB06B716209B520500739571 /* Project object */;
}
